<?xml version="1.0" encoding="utf-8"?>
<Project ToolsVersion="4.0" xmlns="http://schemas.microsoft.com/developer/msbuild/2003">
  <ItemGroup>
    <Filter Include="source">
      <UniqueIdentifier>{4FC737F1-C7A5-4376-A066-2A32D752A2FF}</UniqueIdentifier>
      <Extensions>cpp;c;cc;cxx;def;odl;idl;hpj;bat;asm;asmx</Extensions>
    </Filter>
    <Filter Include="header">
      <UniqueIdentifier>{93995380-89BD-4b04-88EB-625FBE52EBFB}</UniqueIdentifier>
      <Extensions>h;hpp;hxx;hm;inl;inc;xsd</Extensions>
    </Filter>
    <Filter Include="source\engine">
      <UniqueIdentifier>{1fc8688e-8d4e-4bf5-8343-64dfbc60beab}</UniqueIdentifier>
    </Filter>
    <Filter Include="libraries">
      <UniqueIdentifier>{8bacd05e-a8d5-4576-a5fd-5e9e1c7274ae}</UniqueIdentifier>
    </Filter>
    <Filter Include="libraries\tinyobjloader">
      <UniqueIdentifier>{23c736c5-87ac-4795-ae60-fc86246b9bb6}</UniqueIdentifier>
    </Filter>
    <Filter Include="header\engine">
      <UniqueIdentifier>{461f957f-ee88-4749-8dd6-580cdbc9cd98}</UniqueIdentifier>
    </Filter>
    <Filter Include="libraries\soil">
      <UniqueIdentifier>{fc46d80b-ff3e-4a18-9bd3-1a2d51e82167}</UniqueIdentifier>
    </Filter>
    <Filter Include="libraries\imgui">
      <UniqueIdentifier>{751bd40a-edd7-4477-a209-2a84edb1ff91}</UniqueIdentifier>
    </Filter>
  </ItemGroup>
  <ItemGroup>
    <ClCompile Include="chicago\tinyobjloader\tiny_obj_loader.cc">
      <Filter>libraries\tinyobjloader</Filter>
    </ClCompile>
    <ClCompile Include="chicago\Camera.cpp">
      <Filter>source\engine</Filter>
    </ClCompile>
    <ClCompile Include="chicago\Mesh.cpp">
      <Filter>source\engine</Filter>
    </ClCompile>
    <ClCompile Include="chicago\SceneManager.cpp">
      <Filter>source\engine</Filter>
    </ClCompile>
    <ClCompile Include="chicago\SceneNode.cpp">
      <Filter>source\engine</Filter>
    </ClCompile>
    <ClCompile Include="chicago\Shader.cpp">
      <Filter>source\engine</Filter>
    </ClCompile>
    <ClCompile Include="chicago\Main.cpp" />
    <ClCompile Include="chicago\soil\image_DXT.c">
      <Filter>libraries\soil</Filter>
    </ClCompile>
    <ClCompile Include="chicago\soil\image_helper.c">
      <Filter>libraries\soil</Filter>
    </ClCompile>
    <ClCompile Include="chicago\soil\SOIL.c">
      <Filter>libraries\soil</Filter>
    </ClCompile>
    <ClCompile Include="chicago\soil\stb_image_aug.c">
      <Filter>libraries\soil</Filter>
    </ClCompile>
    <ClCompile Include="chicago\imgui\imgui.cpp">
      <Filter>libraries\imgui</Filter>
    </ClCompile>
    <ClCompile Include="chicago\imgui\imguiRenderGL3.cpp">
      <Filter>libraries\imgui</Filter>
    </ClCompile>
    <ClCompile Include="chicago\ShaderManager.cpp">
      <Filter>source\engine</Filter>
    </ClCompile>
  </ItemGroup>
  <ItemGroup>
    <ClInclude Include="chicago\Shader.h">
      <Filter>header\engine</Filter>
    </ClInclude>
    <ClInclude Include="chicago\Camera.h">
      <Filter>header\engine</Filter>
    </ClInclude>
    <ClInclude Include="chicago\Mesh.h">
      <Filter>header\engine</Filter>
    </ClInclude>
    <ClInclude Include="chicago\SceneManager.h">
      <Filter>header\engine</Filter>
    </ClInclude>
    <ClInclude Include="chicago\SceneNode.h">
      <Filter>header\engine</Filter>
    </ClInclude>
    <ClInclude Include="chicago\ShaderManager.h">
      <Filter>header\engine</Filter>
    </ClInclude>
  </ItemGroup>
</Project>